
Microsoft Visual Studio Solution File, Format Version 12.00
# Visual Studio 15
VisualStudioVersion = 15.0.27004.2009
MinimumVisualStudioVersion = 10.0.40219.1
Project("{FAE04EC0-301F-11D3-BF4B-00C04F79EFBC}") = "BalanceBoardAdapter", "BalanceBoardAdapter\BalanceBoardAdapter.csproj", "{BF6C5AD5-E578-4306-B1AB-EA28C8D96CE9}"
EndProject
Project("{FAE04EC0-301F-11D3-BF4B-00C04F79EFBC}") = "Tests", "Tests\Tests.csproj", "{27186BB8-6606-4972-84DB-006DDFBB65B1}"
EndProject
Global
	GlobalSection(SolutionConfigurationPlatforms) = preSolution
		Debug|Any CPU = Debug|Any CPU
		Release|Any CPU = Release|Any CPU
	EndGlobalSection
	GlobalSection(ProjectConfigurationPlatforms) = postSolution
		{BF6C5AD5-E578-4306-B1AB-EA28C8D96CE9}.Debug|Any CPU.ActiveCfg = Debug|Any CPU
		{BF6C5AD5-E578-4306-B1AB-EA28C8D96CE9}.Debug|Any CPU.Build.0 = Debug|Any CPU
		{BF6C5AD5-E578-4306-B1AB-EA28C8D96CE9}.Release|Any CPU.ActiveCfg = Release|Any CPU
		{BF6C5AD5-E578-4306-B1AB-EA28C8D96CE9}.Release|Any CPU.Build.0 = Release|Any CPU
		{27186BB8-6606-4972-84DB-006DDFBB65B1}.Debug|Any CPU.ActiveCfg = Debug|Any CPU
		{27186BB8-6606-4972-84DB-006DDFBB65B1}.Debug|Any CPU.Build.0 = Debug|Any CPU
		{27186BB8-6606-4972-84DB-006DDFBB65B1}.Release|Any CPU.ActiveCfg = Release|Any CPU
		{27186BB8-6606-4972-84DB-006DDFBB65B1}.Release|Any CPU.Build.0 = Release|Any CPU
	EndGlobalSection
	GlobalSection(SolutionProperties) = preSolution
		HideSolutionNode = FALSE
	EndGlobalSection
	GlobalSection(ExtensibilityGlobals) = postSolution
		SolutionGuid = {02B9BE7C-3801-44C8-B7FF-BE72D63090E2}
	EndGlobalSection
EndGlobal
